
Microsoft Visual Studio Solution File, Format Version 12.00
# Visual Studio Version 16
VisualStudioVersion = 25.0.1706.14
MinimumVisualStudioVersion = 10.0.40219.1
Project("{FAE04EC0-301F-11D3-BF4B-00C04F79EFBC}") = "DigitalLibraryMangementSystemPL", "DigitalLibraryMangementSystemPL\DigitalLibraryMangementSystemPL.csproj", "{94A2FBBE-C344-4BE8-BD64-B1B93021AD0D}"
EndProject
Project("{FAE04EC0-301F-11D3-BF4B-00C04F79EFBC}") = "DigitalLibraryMangementSystemBLL", "DigitalLibraryMangementSystemBLL\DigitalLibraryMangementSystemBLL.csproj", "{6AA7EBCF-581F-41B9-9829-A446A97A4EBC}"
EndProject
Project("{FAE04EC0-301F-11D3-BF4B-00C04F79EFBC}") = "DigitalLibraryMangementSystemDAL", "DigitalLibraryMangementSystemDAL\DigitalLibraryMangementSystemDAL.csproj", "{261BE5D5-040B-42C8-9C3F-926C442CA9D8}"
EndProject
Global
	GlobalSection(SolutionConfigurationPlatforms) = preSolution
		Debug|Any CPU = Debug|Any CPU
		Release|Any CPU = Release|Any CPU
	EndGlobalSection
	GlobalSection(ProjectConfigurationPlatforms) = postSolution
		{94A2FBBE-C344-4BE8-BD64-B1B93021AD0D}.Debug|Any CPU.ActiveCfg = Debug|Any CPU
		{94A2FBBE-C344-4BE8-BD64-B1B93021AD0D}.Debug|Any CPU.Build.0 = Debug|Any CPU
		{94A2FBBE-C344-4BE8-BD64-B1B93021AD0D}.Release|Any CPU.ActiveCfg = Release|Any CPU
		{94A2FBBE-C344-4BE8-BD64-B1B93021AD0D}.Release|Any CPU.Build.0 = Release|Any CPU
		{6AA7EBCF-581F-41B9-9829-A446A97A4EBC}.Debug|Any CPU.ActiveCfg = Debug|Any CPU
		{6AA7EBCF-581F-41B9-9829-A446A97A4EBC}.Debug|Any CPU.Build.0 = Debug|Any CPU
		{6AA7EBCF-581F-41B9-9829-A446A97A4EBC}.Release|Any CPU.ActiveCfg = Release|Any CPU
		{6AA7EBCF-581F-41B9-9829-A446A97A4EBC}.Release|Any CPU.Build.0 = Release|Any CPU
		{261BE5D5-040B-42C8-9C3F-926C442CA9D8}.Debug|Any CPU.ActiveCfg = Debug|Any CPU
		{261BE5D5-040B-42C8-9C3F-926C442CA9D8}.Debug|Any CPU.Build.0 = Debug|Any CPU
		{261BE5D5-040B-42C8-9C3F-926C442CA9D8}.Release|Any CPU.ActiveCfg = Release|Any CPU
		{261BE5D5-040B-42C8-9C3F-926C442CA9D8}.Release|Any CPU.Build.0 = Release|Any CPU
	EndGlobalSection
	GlobalSection(SolutionProperties) = preSolution
		HideSolutionNode = FALSE
	EndGlobalSection
	GlobalSection(ExtensibilityGlobals) = postSolution
		SolutionGuid = {722EB03A-D2A5-4DC1-814B-26004F46DF8A}
	EndGlobalSection
EndGlobal
